
Microsoft Visual Studio Solution File, Format Version 12.00
# Visual Studio Version 16
VisualStudioVersion = 16.0.30002.166
MinimumVisualStudioVersion = 10.0.40219.1
Project("{FAE04EC0-301F-11D3-BF4B-00C04F79EFBC}") = "BlogService", "BlogService.csproj", "{00E5E0DF-0951-43DB-94C7-F36549973E8E}"
EndProject
Global
	GlobalSection(SolutionConfigurationPlatforms) = preSolution
		Debug|Any CPU = Debug|Any CPU
		Release|Any CPU = Release|Any CPU
	EndGlobalSection
	GlobalSection(ProjectConfigurationPlatforms) = postSolution
		{00E5E0DF-0951-43DB-94C7-F36549973E8E}.Debug|Any CPU.ActiveCfg = Debug|Any CPU
		{00E5E0DF-0951-43DB-94C7-F36549973E8E}.Debug|Any CPU.Build.0 = Debug|Any CPU
		{00E5E0DF-0951-43DB-94C7-F36549973E8E}.Release|Any CPU.ActiveCfg = Release|Any CPU
		{00E5E0DF-0951-43DB-94C7-F36549973E8E}.Release|Any CPU.Build.0 = Release|Any CPU
	EndGlobalSection
	GlobalSection(SolutionProperties) = preSolution
		HideSolutionNode = FALSE
	EndGlobalSection
	GlobalSection(ExtensibilityGlobals) = postSolution
		SolutionGuid = {3D5A3EDA-28EB-4256-BCEE-284AE1A9D554}
	EndGlobalSection
EndGlobal
